# This file is generated by running "yarn install" inside your project.
# Manual changes might be lost - proceed with caution!

__metadata:
  version: 9
  cacheKey: 10c0

"@biomejs/biome@npm:^2.4.13":
  version: 2.4.13
  resolution: "@biomejs/biome@npm:2.4.13"
  dependencies:
    "@biomejs/cli-darwin-arm64": "npm:2.4.13"
    "@biomejs/cli-darwin-x64": "npm:2.4.13"
    "@biomejs/cli-linux-arm64": "npm:2.4.13"
    "@biomejs/cli-linux-arm64-musl": "npm:2.4.13"
    "@biomejs/cli-linux-x64": "npm:2.4.13"
    "@biomejs/cli-linux-x64-musl": "npm:2.4.13"
    "@biomejs/cli-win32-arm64": "npm:2.4.13"
    "@biomejs/cli-win32-x64": "npm:2.4.13"
  dependenciesMeta:
    "@biomejs/cli-darwin-arm64":
      optional: true
    "@biomejs/cli-darwin-x64":
      optional: true
    "@biomejs/cli-linux-arm64":
      optional: true
    "@biomejs/cli-linux-arm64-musl":
      optional: true
    "@biomejs/cli-linux-x64":
      optional: true
    "@biomejs/cli-linux-x64-musl":
      optional: true
    "@biomejs/cli-win32-arm64":
      optional: true
    "@biomejs/cli-win32-x64":
      optional: true
  bin:
    biome: bin/biome
  checksum: 10c0/a8c09d7c05d834243a76704e31bda05346d2a06a75e90e6de2ef0d4edc33bd7d382b380bad9275ddd379e9e44ceaea9907a9c0de2156859b36b057c155f20a0e
  languageName: node
  linkType: hard

"@biomejs/cli-darwin-arm64@npm:2.4.13":
  version: 2.4.13
  resolution: "@biomejs/cli-darwin-arm64@npm:2.4.13"
  conditions: os=darwin & cpu=arm64
  languageName: node
  linkType: hard

"@biomejs/cli-darwin-x64@npm:2.4.13":
  version: 2.4.13
  resolution: "@biomejs/cli-darwin-x64@npm:2.4.13"
  conditions: os=darwin & cpu=x64
  languageName: node
  linkType: hard

"@biomejs/cli-linux-arm64-musl@npm:2.4.13":
  version: 2.4.13
  resolution: "@biomejs/cli-linux-arm64-musl@npm:2.4.13"
  conditions: os=linux & cpu=arm64 & libc=musl
  languageName: node
  linkType: hard

"@biomejs/cli-linux-arm64@npm:2.4.13":
  version: 2.4.13
  resolution: "@biomejs/cli-linux-arm64@npm:2.4.13"
  conditions: os=linux & cpu=arm64 & libc=glibc
  languageName: node
  linkType: hard

"@biomejs/cli-linux-x64-musl@npm:2.4.13":
  version: 2.4.13
  resolution: "@biomejs/cli-linux-x64-musl@npm:2.4.13"
  conditions: os=linux & cpu=x64 & libc=musl
  languageName: node
  linkType: hard

"@biomejs/cli-linux-x64@npm:2.4.13":
  version: 2.4.13
  resolution: "@biomejs/cli-linux-x64@npm:2.4.13"
  conditions: os=linux & cpu=x64 & libc=glibc
  languageName: node
  linkType: hard

"@biomejs/cli-win32-arm64@npm:2.4.13":
  version: 2.4.13
  resolution: "@biomejs/cli-win32-arm64@npm:2.4.13"
  conditions: os=win32 & cpu=arm64
  languageName: node
  linkType: hard

"@biomejs/cli-win32-x64@npm:2.4.13":
  version: 2.4.13
  resolution: "@biomejs/cli-win32-x64@npm:2.4.13"
  conditions: os=win32 & cpu=x64
  languageName: node
  linkType: hard

"@emnapi/runtime@npm:^1.7.0":
  version: 1.10.0
  resolution: "@emnapi/runtime@npm:1.10.0"
  dependencies:
    tslib: "npm:^2.4.0"
  checksum: 10c0/953f14991d1aefb92ee6f8eb27dea725e484791a53a0cb5f47d9e0087b9a2c929ff2e92adf95af15d6ad456db6300c6b761ebf72b50a875b874a83520b3ba093
  languageName: node
  linkType: hard

"@img/colour@npm:^1.0.0":
  version: 1.1.0
  resolution: "@img/colour@npm:1.1.0"
  checksum: 10c0/2ebea2c0bbaee73b99badcefa04e1e71d83f36e5369337d3121dca841f4569533c4e2faddda6d62dd247f0d5cca143711f9446c59bcce81e427ba433a7a94a17
  languageName: node
  linkType: hard

"@img/sharp-darwin-arm64@npm:0.34.5":
  version: 0.34.5
  resolution: "@img/sharp-darwin-arm64@npm:0.34.5"
  dependencies:
    "@img/sharp-libvips-darwin-arm64": "npm:1.2.4"
  dependenciesMeta:
    "@img/sharp-libvips-darwin-arm64":
      optional: true
  conditions: os=darwin & cpu=arm64
  languageName: node
  linkType: hard

"@img/sharp-darwin-x64@npm:0.34.5":
  version: 0.34.5
  resolution: "@img/sharp-darwin-x64@npm:0.34.5"
  dependencies:
    "@img/sharp-libvips-darwin-x64": "npm:1.2.4"
  dependenciesMeta:
    "@img/sharp-libvips-darwin-x64":
      optional: true
  conditions: os=darwin & cpu=x64
  languageName: node
  linkType: hard

"@img/sharp-libvips-darwin-arm64@npm:1.2.4":
  version: 1.2.4
  resolution: "@img/sharp-libvips-darwin-arm64@npm:1.2.4"
  conditions: os=darwin & cpu=arm64
  languageName: node
  linkType: hard

"@img/sharp-libvips-darwin-x64@npm:1.2.4":
  version: 1.2.4
  resolution: "@img/sharp-libvips-darwin-x64@npm:1.2.4"
  conditions: os=darwin & cpu=x64
  languageName: node
  linkType: hard

"@img/sharp-libvips-linux-arm64@npm:1.2.4":
  version: 1.2.4
  resolution: "@img/sharp-libvips-linux-arm64@npm:1.2.4"
  conditions: os=linux & cpu=arm64 & libc=glibc
  languageName: node
  linkType: hard

"@img/sharp-libvips-linux-arm@npm:1.2.4":
  version: 1.2.4
  resolution: "@img/sharp-libvips-linux-arm@npm:1.2.4"
  conditions: os=linux & cpu=arm & libc=glibc
  languageName: node
  linkType: hard

"@img/sharp-libvips-linux-ppc64@npm:1.2.4":
  version: 1.2.4
  resolution: "@img/sharp-libvips-linux-ppc64@npm:1.2.4"
  conditions: os=linux & cpu=ppc64 & libc=glibc
  languageName: node
  linkType: hard

"@img/sharp-libvips-linux-riscv64@npm:1.2.4":
  version: 1.2.4
  resolution: "@img/sharp-libvips-linux-riscv64@npm:1.2.4"
  conditions: os=linux & cpu=riscv64 & libc=glibc
  languageName: node
  linkType: hard

"@img/sharp-libvips-linux-s390x@npm:1.2.4":
  version: 1.2.4
  resolution: "@img/sharp-libvips-linux-s390x@npm:1.2.4"
  conditions: os=linux & cpu=s390x & libc=glibc
  languageName: node
  linkType: hard

"@img/sharp-libvips-linux-x64@npm:1.2.4":
  version: 1.2.4
  resolution: "@img/sharp-libvips-linux-x64@npm:1.2.4"
  conditions: os=linux & cpu=x64 & libc=glibc
  languageName: node
  linkType: hard

"@img/sharp-libvips-linuxmusl-arm64@npm:1.2.4":
  version: 1.2.4
  resolution: "@img/sharp-libvips-linuxmusl-arm64@npm:1.2.4"
  conditions: os=linux & cpu=arm64 & libc=musl
  languageName: node
  linkType: hard

"@img/sharp-libvips-linuxmusl-x64@npm:1.2.4":
  version: 1.2.4
  resolution: "@img/sharp-libvips-linuxmusl-x64@npm:1.2.4"
  conditions: os=linux & cpu=x64 & libc=musl
  languageName: node
  linkType: hard

"@img/sharp-linux-arm64@npm:0.34.5":
  version: 0.34.5
  resolution: "@img/sharp-linux-arm64@npm:0.34.5"
  dependencies:
    "@img/sharp-libvips-linux-arm64": "npm:1.2.4"
  dependenciesMeta:
    "@img/sharp-libvips-linux-arm64":
      optional: true
  conditions: os=linux & cpu=arm64 & libc=glibc
  languageName: node
  linkType: hard

"@img/sharp-linux-arm@npm:0.34.5":
  version: 0.34.5
  resolution: "@img/sharp-linux-arm@npm:0.34.5"
  dependencies:
    "@img/sharp-libvips-linux-arm": "npm:1.2.4"
  dependenciesMeta:
    "@img/sharp-libvips-linux-arm":
      optional: true
  conditions: os=linux & cpu=arm & libc=glibc
  languageName: node
  linkType: hard

"@img/sharp-linux-ppc64@npm:0.34.5":
  version: 0.34.5
  resolution: "@img/sharp-linux-ppc64@npm:0.34.5"
  dependencies:
    "@img/sharp-libvips-linux-ppc64": "npm:1.2.4"
  dependenciesMeta:
    "@img/sharp-libvips-linux-ppc64":
      optional: true
  conditions: os=linux & cpu=ppc64 & libc=glibc
  languageName: node
  linkType: hard

"@img/sharp-linux-riscv64@npm:0.34.5":
  version: 0.34.5
  resolution: "@img/sharp-linux-riscv64@npm:0.34.5"
  dependencies:
    "@img/sharp-libvips-linux-riscv64": "npm:1.2.4"
  dependenciesMeta:
    "@img/sharp-libvips-linux-riscv64":
      optional: true
  conditions: os=linux & cpu=riscv64 & libc=glibc
  languageName: node
  linkType: hard

"@img/sharp-linux-s390x@npm:0.34.5":
  version: 0.34.5
  resolution: "@img/sharp-linux-s390x@npm:0.34.5"
  dependencies:
    "@img/sharp-libvips-linux-s390x": "npm:1.2.4"
  dependenciesMeta:
    "@img/sharp-libvips-linux-s390x":
      optional: true
  conditions: os=linux & cpu=s390x & libc=glibc
  languageName: node
  linkType: hard

"@img/sharp-linux-x64@npm:0.34.5":
  version: 0.34.5
  resolution: "@img/sharp-linux-x64@npm:0.34.5"
  dependencies:
    "@img/sharp-libvips-linux-x64": "npm:1.2.4"
  dependenciesMeta:
    "@img/sharp-libvips-linux-x64":
      optional: true
  conditions: os=linux & cpu=x64 & libc=glibc
  languageName: node
  linkType: hard

"@img/sharp-linuxmusl-arm64@npm:0.34.5":
  version: 0.34.5
  resolution: "@img/sharp-linuxmusl-arm64@npm:0.34.5"
  dependencies:
    "@img/sharp-libvips-linuxmusl-arm64": "npm:1.2.4"
  dependenciesMeta:
    "@img/sharp-libvips-linuxmusl-arm64":
      optional: true
  conditions: os=linux & cpu=arm64 & libc=musl
  languageName: node
  linkType: hard

"@img/sharp-linuxmusl-x64@npm:0.34.5":
  version: 0.34.5
  resolution: "@img/sharp-linuxmusl-x64@npm:0.34.5"
  dependencies:
    "@img/sharp-libvips-linuxmusl-x64": "npm:1.2.4"
  dependenciesMeta:
    "@img/sharp-libvips-linuxmusl-x64":
      optional: true
  conditions: os=linux & cpu=x64 & libc=musl
  languageName: node
  linkType: hard

"@img/sharp-wasm32@npm:0.34.5":
  version: 0.34.5
  resolution: "@img/sharp-wasm32@npm:0.34.5"
  dependencies:
    "@emnapi/runtime": "npm:^1.7.0"
  conditions: cpu=wasm32
  languageName: node
  linkType: hard

"@img/sharp-win32-arm64@npm:0.34.5":
  version: 0.34.5
  resolution: "@img/sharp-win32-arm64@npm:0.34.5"
  conditions: os=win32 & cpu=arm64
  languageName: node
  linkType: hard

"@img/sharp-win32-ia32@npm:0.34.5":
  version: 0.34.5
  resolution: "@img/sharp-win32-ia32@npm:0.34.5"
  conditions: os=win32 & cpu=ia32
  languageName: node
  linkType: hard

"@img/sharp-win32-x64@npm:0.34.5":
  version: 0.34.5
  resolution: "@img/sharp-win32-x64@npm:0.34.5"
  conditions: os=win32 & cpu=x64
  languageName: node
  linkType: hard

"@next/env@npm:16.2.0":
  version: 16.2.0
  resolution: "@next/env@npm:16.2.0"
  checksum: 10c0/5d7e9276f7ad828d495e8d4de9b0f661fa3ed7ffb21c872c1144dbc9e5ff2aa40ee42868a2c09d694607546bea3ddbc66ea6334db487693ba90402eaae2a932f
  languageName: node
  linkType: hard

"@next/swc-darwin-arm64@npm:16.2.0":
  version: 16.2.0
  resolution: "@next/swc-darwin-arm64@npm:16.2.0"
  conditions: os=darwin & cpu=arm64
  languageName: node
  linkType: hard

"@next/swc-darwin-x64@npm:16.2.0":
  version: 16.2.0
  resolution: "@next/swc-darwin-x64@npm:16.2.0"
  conditions: os=darwin & cpu=x64
  languageName: node
  linkType: hard

"@next/swc-linux-arm64-gnu@npm:16.2.0":
  version: 16.2.0
  resolution: "@next/swc-linux-arm64-gnu@npm:16.2.0"
  conditions: os=linux & cpu=arm64 & libc=glibc
  languageName: node
  linkType: hard

"@next/swc-linux-arm64-musl@npm:16.2.0":
  version: 16.2.0
  resolution: "@next/swc-linux-arm64-musl@npm:16.2.0"
  conditions: os=linux & cpu=arm64 & libc=musl
  languageName: node
  linkType: hard

"@next/swc-linux-x64-gnu@npm:16.2.0":
  version: 16.2.0
  resolution: "@next/swc-linux-x64-gnu@npm:16.2.0"
  conditions: os=linux & cpu=x64 & libc=glibc
  languageName: node
  linkType: hard

"@next/swc-linux-x64-musl@npm:16.2.0":
  version: 16.2.0
  resolution: "@next/swc-linux-x64-musl@npm:16.2.0"
  conditions: os=linux & cpu=x64 & libc=musl
  languageName: node
  linkType: hard

"@next/swc-win32-arm64-msvc@npm:16.2.0":
  version: 16.2.0
  resolution: "@next/swc-win32-arm64-msvc@npm:16.2.0"
  conditions: os=win32 & cpu=arm64
  languageName: node
  linkType: hard

"@next/swc-win32-x64-msvc@npm:16.2.0":
  version: 16.2.0
  resolution: "@next/swc-win32-x64-msvc@npm:16.2.0"
  conditions: os=win32 & cpu=x64
  languageName: node
  linkType: hard

"@repo/typescript-config@npm:*, @repo/typescript-config@workspace:packages/typescript-config":
  version: 0.0.0-use.local
  resolution: "@repo/typescript-config@workspace:packages/typescript-config"
  languageName: unknown
  linkType: soft

"@repo/ui@npm:*, @repo/ui@workspace:packages/ui":
  version: 0.0.0-use.local
  resolution: "@repo/ui@workspace:packages/ui"
  dependencies:
    "@repo/typescript-config": "npm:*"
    "@types/node": "npm:^22.15.3"
    "@types/react": "npm:19.2.2"
    "@types/react-dom": "npm:19.2.2"
    react: "npm:^19.2.0"
    react-dom: "npm:^19.2.0"
    typescript: "npm:5.9.2"
  languageName: unknown
  linkType: soft

"@swc/helpers@npm:0.5.15":
  version: 0.5.15
  resolution: "@swc/helpers@npm:0.5.15"
  dependencies:
    tslib: "npm:^2.8.0"
  checksum: 10c0/33002f74f6f885f04c132960835fdfc474186983ea567606db62e86acd0680ca82f34647e8e610f4e1e422d1c16fce729dde22cd3b797ab1fd9061a825dabca4
  languageName: node
  linkType: hard

"@turbo/darwin-64@npm:2.9.7":
  version: 2.9.7
  resolution: "@turbo/darwin-64@npm:2.9.7"
  conditions: os=darwin & cpu=x64
  languageName: node
  linkType: hard

"@turbo/darwin-arm64@npm:2.9.7":
  version: 2.9.7
  resolution: "@turbo/darwin-arm64@npm:2.9.7"
  conditions: os=darwin & cpu=arm64
  languageName: node
  linkType: hard

"@turbo/linux-64@npm:2.9.7":
  version: 2.9.7
  resolution: "@turbo/linux-64@npm:2.9.7"
  conditions: os=linux & cpu=x64
  languageName: node
  linkType: hard

"@turbo/linux-arm64@npm:2.9.7":
  version: 2.9.7
  resolution: "@turbo/linux-arm64@npm:2.9.7"
  conditions: os=linux & cpu=arm64
  languageName: node
  linkType: hard

"@turbo/windows-64@npm:2.9.7":
  version: 2.9.7
  resolution: "@turbo/windows-64@npm:2.9.7"
  conditions: os=win32 & cpu=x64
  languageName: node
  linkType: hard

"@turbo/windows-arm64@npm:2.9.7":
  version: 2.9.7
  resolution: "@turbo/windows-arm64@npm:2.9.7"
  conditions: os=win32 & cpu=arm64
  languageName: node
  linkType: hard

"@types/node@npm:^22.15.3":
  version: 22.19.17
  resolution: "@types/node@npm:22.19.17"
  dependencies:
    undici-types: "npm:~6.21.0"
  checksum: 10c0/b66c484c0a9f6d88b1ef360b0f487717234ee1a482cb2551ff73d9f3c43a42a777daf4c8a5eee970960728f8fe1f3877d3d8c6ffabcbca74cb401a59db700fa4
  languageName: node
  linkType: hard

"@types/react-dom@npm:19.2.2":
  version: 19.2.2
  resolution: "@types/react-dom@npm:19.2.2"
  peerDependencies:
    "@types/react": ^19.2.0
  checksum: 10c0/6154dfb8e7a638313d7fa15b2b16494f2235afda4c43be37d10f34e5c7a730f6b95117facb5e6eebc73b15cceea7f6da23be46cda5d2262fd00fd7e6069547e3
  languageName: node
  linkType: hard

"@types/react@npm:19.2.2":
  version: 19.2.2
  resolution: "@types/react@npm:19.2.2"
  dependencies:
    csstype: "npm:^3.0.2"
  checksum: 10c0/f830b1204aca4634ce3c6cb3477b5d3d066b80a4dd832a4ee0069acb504b6debd2416548a43a11c1407c12bc60e2dc6cf362934a18fe75fe06a69c0a98cba8ab
  languageName: node
  linkType: hard

"baseline-browser-mapping@npm:^2.9.19":
  version: 2.10.24
  resolution: "baseline-browser-mapping@npm:2.10.24"
  bin:
    baseline-browser-mapping: dist/cli.cjs
  checksum: 10c0/ae41f20b7d594909eac68e54b876127a456c99e85f49ba928a79c97ea288007617ad6638ddd1e36db45bbacef7b95b0f436d347602b2e1be2047099fcbbd5f37
  languageName: node
  linkType: hard

"caniuse-lite@npm:^1.0.30001579":
  version: 1.0.30001791
  resolution: "caniuse-lite@npm:1.0.30001791"
  checksum: 10c0/53c8b5dad1c196a5e495405a7d2dc1db58aed9be02f60cf2a2e29d2c8d8cbb6c39beabf958d6aa191ab967ddcf49f22319452256b980bad1e271615acfe58940
  languageName: node
  linkType: hard

"client-only@npm:0.0.1":
  version: 0.0.1
  resolution: "client-only@npm:0.0.1"
  checksum: 10c0/9d6cfd0c19e1c96a434605added99dff48482152af791ec4172fb912a71cff9027ff174efd8cdb2160cc7f377543e0537ffc462d4f279bc4701de3f2a3c4b358
  languageName: node
  linkType: hard

"csstype@npm:^3.0.2":
  version: 3.2.3
  resolution: "csstype@npm:3.2.3"
  checksum: 10c0/cd29c51e70fa822f1cecd8641a1445bed7063697469d35633b516e60fe8c1bde04b08f6c5b6022136bb669b64c63d4173af54864510fbb4ee23281801841a3ce
  languageName: node
  linkType: hard

"detect-libc@npm:^2.1.2":
  version: 2.1.2
  resolution: "detect-libc@npm:2.1.2"
  checksum: 10c0/acc675c29a5649fa1fb6e255f993b8ee829e510b6b56b0910666949c80c364738833417d0edb5f90e4e46be17228b0f2b66a010513984e18b15deeeac49369c4
  languageName: node
  linkType: hard

"docs@workspace:apps/docs":
  version: 0.0.0-use.local
  resolution: "docs@workspace:apps/docs"
  dependencies:
    "@repo/typescript-config": "npm:*"
    "@repo/ui": "npm:*"
    "@types/node": "npm:^22.15.3"
    "@types/react": "npm:19.2.2"
    "@types/react-dom": "npm:19.2.2"
    next: "npm:16.2.0"
    react: "npm:^19.2.0"
    react-dom: "npm:^19.2.0"
    typescript: "npm:5.9.2"
  languageName: unknown
  linkType: soft

"nanoid@npm:^3.3.6":
  version: 3.3.12
  resolution: "nanoid@npm:3.3.12"
  bin:
    nanoid: bin/nanoid.cjs
  checksum: 10c0/ba142b7b39e11e80c16dd74b0365d407880c87c1cf7e1480956981ae940ee36060fa5b6f092cd1e315184dd19244c657bd017d03327bd3c62247d691c5e8edfb
  languageName: node
  linkType: hard

"next@npm:16.2.0":
  version: 16.2.0
  resolution: "next@npm:16.2.0"
  dependencies:
    "@next/env": "npm:16.2.0"
    "@next/swc-darwin-arm64": "npm:16.2.0"
    "@next/swc-darwin-x64": "npm:16.2.0"
    "@next/swc-linux-arm64-gnu": "npm:16.2.0"
    "@next/swc-linux-arm64-musl": "npm:16.2.0"
    "@next/swc-linux-x64-gnu": "npm:16.2.0"
    "@next/swc-linux-x64-musl": "npm:16.2.0"
    "@next/swc-win32-arm64-msvc": "npm:16.2.0"
    "@next/swc-win32-x64-msvc": "npm:16.2.0"
    "@swc/helpers": "npm:0.5.15"
    baseline-browser-mapping: "npm:^2.9.19"
    caniuse-lite: "npm:^1.0.30001579"
    postcss: "npm:8.4.31"
    sharp: "npm:^0.34.5"
    styled-jsx: "npm:5.1.6"
  peerDependencies:
    "@opentelemetry/api": ^1.1.0
    "@playwright/test": ^1.51.1
    babel-plugin-react-compiler: "*"
    react: ^18.2.0 || 19.0.0-rc-de68d2f4-20241204 || ^19.0.0
    react-dom: ^18.2.0 || 19.0.0-rc-de68d2f4-20241204 || ^19.0.0
    sass: ^1.3.0
  dependenciesMeta:
    "@next/swc-darwin-arm64":
      optional: true
    "@next/swc-darwin-x64":
      optional: true
    "@next/swc-linux-arm64-gnu":
      optional: true
    "@next/swc-linux-arm64-musl":
      optional: true
    "@next/swc-linux-x64-gnu":
      optional: true
    "@next/swc-linux-x64-musl":
      optional: true
    "@next/swc-win32-arm64-msvc":
      optional: true
    "@next/swc-win32-x64-msvc":
      optional: true
    sharp:
      optional: true
  peerDependenciesMeta:
    "@opentelemetry/api":
      optional: true
    "@playwright/test":
      optional: true
    babel-plugin-react-compiler:
      optional: true
    sass:
      optional: true
  bin:
    next: dist/bin/next
  checksum: 10c0/cd1adeee535e1e9cca1efeca704b0fda2e09992c1f8889ed75d54635b803a3875748bbfecefedb20d9dd70c2cb8f974ffeeda8bffa2a6ac902ffe968a012f795
  languageName: node
  linkType: hard

"picocolors@npm:^1.0.0":
  version: 1.1.1
  resolution: "picocolors@npm:1.1.1"
  checksum: 10c0/e2e3e8170ab9d7c7421969adaa7e1b31434f789afb9b3f115f6b96d91945041ac3ceb02e9ec6fe6510ff036bcc0bf91e69a1772edc0b707e12b19c0f2d6bcf58
  languageName: node
  linkType: hard

"postcss@npm:8.4.31":
  version: 8.4.31
  resolution: "postcss@npm:8.4.31"
  dependencies:
    nanoid: "npm:^3.3.6"
    picocolors: "npm:^1.0.0"
    source-map-js: "npm:^1.0.2"
  checksum: 10c0/748b82e6e5fc34034dcf2ae88ea3d11fd09f69b6c50ecdd3b4a875cfc7cdca435c958b211e2cb52355422ab6fccb7d8f2f2923161d7a1b281029e4a913d59acf
  languageName: node
  linkType: hard

"prettier@npm:^3.7.4":
  version: 3.8.3
  resolution: "prettier@npm:3.8.3"
  bin:
    prettier: bin/prettier.cjs
  checksum: 10c0/754816fd7593eb80f6376d7476d463e832c38a12f32775a82683adb6e35b772b1f484d65f19401507b983a8c8a7cd5a4a9f12006bd56491e8f35503473f77473
  languageName: node
  linkType: hard

"react-dom@npm:^19.2.0":
  version: 19.2.5
  resolution: "react-dom@npm:19.2.5"
  dependencies:
    scheduler: "npm:^0.27.0"
  peerDependencies:
    react: ^19.2.5
  checksum: 10c0/8067606e9f58e4c2e8cb5f09570217dbc71c4843ebcaa20ae2085912d3e3a351f17d8f7c1713313cdda7f272840c8c34ff6c860fcb840862071bceea218e0c63
  languageName: node
  linkType: hard

"react@npm:^19.2.0":
  version: 19.2.5
  resolution: "react@npm:19.2.5"
  checksum: 10c0/4b5f231dbef92886f602533c9ce3bde04d99f0e71dfb5d794c43e02726efaad0421c08688f75fc98a6d6e1dc017372e1af7abbfecdc86a79968f461675931a7a
  languageName: node
  linkType: hard

"scheduler@npm:^0.27.0":
  version: 0.27.0
  resolution: "scheduler@npm:0.27.0"
  checksum: 10c0/4f03048cb05a3c8fddc45813052251eca00688f413a3cee236d984a161da28db28ba71bd11e7a3dd02f7af84ab28d39fb311431d3b3772fed557945beb00c452
  languageName: node
  linkType: hard

"semver@npm:^7.7.3":
  version: 7.7.4
  resolution: "semver@npm:7.7.4"
  bin:
    semver: bin/semver.js
  checksum: 10c0/5215ad0234e2845d4ea5bb9d836d42b03499546ddafb12075566899fc617f68794bb6f146076b6881d755de17d6c6cc73372555879ec7dce2c2feee947866ad2
  languageName: node
  linkType: hard

"sharp@npm:^0.34.5":
  version: 0.34.5
  resolution: "sharp@npm:0.34.5"
  dependencies:
    "@img/colour": "npm:^1.0.0"
    "@img/sharp-darwin-arm64": "npm:0.34.5"
    "@img/sharp-darwin-x64": "npm:0.34.5"
    "@img/sharp-libvips-darwin-arm64": "npm:1.2.4"
    "@img/sharp-libvips-darwin-x64": "npm:1.2.4"
    "@img/sharp-libvips-linux-arm": "npm:1.2.4"
    "@img/sharp-libvips-linux-arm64": "npm:1.2.4"
    "@img/sharp-libvips-linux-ppc64": "npm:1.2.4"
    "@img/sharp-libvips-linux-riscv64": "npm:1.2.4"
    "@img/sharp-libvips-linux-s390x": "npm:1.2.4"
    "@img/sharp-libvips-linux-x64": "npm:1.2.4"
    "@img/sharp-libvips-linuxmusl-arm64": "npm:1.2.4"
    "@img/sharp-libvips-linuxmusl-x64": "npm:1.2.4"
    "@img/sharp-linux-arm": "npm:0.34.5"
    "@img/sharp-linux-arm64": "npm:0.34.5"
    "@img/sharp-linux-ppc64": "npm:0.34.5"
    "@img/sharp-linux-riscv64": "npm:0.34.5"
    "@img/sharp-linux-s390x": "npm:0.34.5"
    "@img/sharp-linux-x64": "npm:0.34.5"
    "@img/sharp-linuxmusl-arm64": "npm:0.34.5"
    "@img/sharp-linuxmusl-x64": "npm:0.34.5"
    "@img/sharp-wasm32": "npm:0.34.5"
    "@img/sharp-win32-arm64": "npm:0.34.5"
    "@img/sharp-win32-ia32": "npm:0.34.5"
    "@img/sharp-win32-x64": "npm:0.34.5"
    detect-libc: "npm:^2.1.2"
    semver: "npm:^7.7.3"
  dependenciesMeta:
    "@img/sharp-darwin-arm64":
      optional: true
    "@img/sharp-darwin-x64":
      optional: true
    "@img/sharp-libvips-darwin-arm64":
      optional: true
    "@img/sharp-libvips-darwin-x64":
      optional: true
    "@img/sharp-libvips-linux-arm":
      optional: true
    "@img/sharp-libvips-linux-arm64":
      optional: true
    "@img/sharp-libvips-linux-ppc64":
      optional: true
    "@img/sharp-libvips-linux-riscv64":
      optional: true
    "@img/sharp-libvips-linux-s390x":
      optional: true
    "@img/sharp-libvips-linux-x64":
      optional: true
    "@img/sharp-libvips-linuxmusl-arm64":
      optional: true
    "@img/sharp-libvips-linuxmusl-x64":
      optional: true
    "@img/sharp-linux-arm":
      optional: true
    "@img/sharp-linux-arm64":
      optional: true
    "@img/sharp-linux-ppc64":
      optional: true
    "@img/sharp-linux-riscv64":
      optional: true
    "@img/sharp-linux-s390x":
      optional: true
    "@img/sharp-linux-x64":
      optional: true
    "@img/sharp-linuxmusl-arm64":
      optional: true
    "@img/sharp-linuxmusl-x64":
      optional: true
    "@img/sharp-wasm32":
      optional: true
    "@img/sharp-win32-arm64":
      optional: true
    "@img/sharp-win32-ia32":
      optional: true
    "@img/sharp-win32-x64":
      optional: true
  checksum: 10c0/fd79e29df0597a7d5704b8461c51f944ead91a5243691697be6e8243b966402beda53ddc6f0a53b96ea3cb8221f0b244aa588114d3ebf8734fb4aefd41ab802f
  languageName: node
  linkType: hard

"shipyard@workspace:.":
  version: 0.0.0-use.local
  resolution: "shipyard@workspace:."
  dependencies:
    "@biomejs/biome": "npm:^2.4.13"
    prettier: "npm:^3.7.4"
    turbo: "npm:^2.9.7"
    typescript: "npm:5.9.2"
  languageName: unknown
  linkType: soft

"source-map-js@npm:^1.0.2":
  version: 1.2.1
  resolution: "source-map-js@npm:1.2.1"
  checksum: 10c0/7bda1fc4c197e3c6ff17de1b8b2c20e60af81b63a52cb32ec5a5d67a20a7d42651e2cb34ebe93833c5a2a084377e17455854fee3e21e7925c64a51b6a52b0faf
  languageName: node
  linkType: hard

"styled-jsx@npm:5.1.6":
  version: 5.1.6
  resolution: "styled-jsx@npm:5.1.6"
  dependencies:
    client-only: "npm:0.0.1"
  peerDependencies:
    react: ">= 16.8.0 || 17.x.x || ^18.0.0-0 || ^19.0.0-0"
  peerDependenciesMeta:
    "@babel/core":
      optional: true
    babel-plugin-macros:
      optional: true
  checksum: 10c0/ace50e7ea5ae5ae6a3b65a50994c51fca6ae7df9c7ecfd0104c36be0b4b3a9c5c1a2374d16e2a11e256d0b20be6d47256d768ecb4f91ab390f60752a075780f5
  languageName: node
  linkType: hard

"tslib@npm:^2.4.0, tslib@npm:^2.8.0":
  version: 2.8.1
  resolution: "tslib@npm:2.8.1"
  checksum: 10c0/9c4759110a19c53f992d9aae23aac5ced636e99887b51b9e61def52611732872ff7668757d4e4c61f19691e36f4da981cd9485e869b4a7408d689f6bf1f14e62
  languageName: node
  linkType: hard

"turbo@npm:^2.9.7":
  version: 2.9.7
  resolution: "turbo@npm:2.9.7"
  dependencies:
    "@turbo/darwin-64": "npm:2.9.7"
    "@turbo/darwin-arm64": "npm:2.9.7"
    "@turbo/linux-64": "npm:2.9.7"
    "@turbo/linux-arm64": "npm:2.9.7"
    "@turbo/windows-64": "npm:2.9.7"
    "@turbo/windows-arm64": "npm:2.9.7"
  dependenciesMeta:
    "@turbo/darwin-64":
      optional: true
    "@turbo/darwin-arm64":
      optional: true
    "@turbo/linux-64":
      optional: true
    "@turbo/linux-arm64":
      optional: true
    "@turbo/windows-64":
      optional: true
    "@turbo/windows-arm64":
      optional: true
  bin:
    turbo: bin/turbo
  checksum: 10c0/5fa010810ce251279dac83db02e60ebd8014cf8e74e69a6c09751ae28aef0fdb95aa09b059ce8c987a1746dd5b04bb3002bd7fdcb6d0016d8690f079fec43921
  languageName: node
  linkType: hard

"typescript@npm:5.9.2":
  version: 5.9.2
  resolution: "typescript@npm:5.9.2"
  bin:
    tsc: bin/tsc
    tsserver: bin/tsserver
  checksum: 10c0/cd635d50f02d6cf98ed42de2f76289701c1ec587a363369255f01ed15aaf22be0813226bff3c53e99d971f9b540e0b3cc7583dbe05faded49b1b0bed2f638a18
  languageName: node
  linkType: hard

"typescript@patch:typescript@npm%3A5.9.2#optional!builtin<compat/typescript>":
  version: 5.9.2
  resolution: "typescript@patch:typescript@npm%3A5.9.2#optional!builtin<compat/typescript>::version=5.9.2&hash=5786d5"
  bin:
    tsc: bin/tsc
    tsserver: bin/tsserver
  checksum: 10c0/34d2a8e23eb8e0d1875072064d5e1d9c102e0bdce56a10a25c0b917b8aa9001a9cf5c225df12497e99da107dc379360bc138163c66b55b95f5b105b50578067e
  languageName: node
  linkType: hard

"undici-types@npm:~6.21.0":
  version: 6.21.0
  resolution: "undici-types@npm:6.21.0"
  checksum: 10c0/c01ed51829b10aa72fc3ce64b747f8e74ae9b60eafa19a7b46ef624403508a54c526ffab06a14a26b3120d055e1104d7abe7c9017e83ced038ea5cf52f8d5e04
  languageName: node
  linkType: hard

"web@workspace:apps/web":
  version: 0.0.0-use.local
  resolution: "web@workspace:apps/web"
  dependencies:
    "@repo/typescript-config": "npm:*"
    "@repo/ui": "npm:*"
    "@types/node": "npm:^22.15.3"
    "@types/react": "npm:19.2.2"
    "@types/react-dom": "npm:19.2.2"
    next: "npm:16.2.0"
    react: "npm:^19.2.0"
    react-dom: "npm:^19.2.0"
    typescript: "npm:5.9.2"
  languageName: unknown
  linkType: soft
